PODS:
  - SendBirdSDK (3.0.238)
  - Stipop (0.2.1)

DEPENDENCIES:
  - SendBirdSDK (~> 3.0.216)
  - Stipop (~> 0.2.1)

SPEC REPOS:
  trunk:
    - SendBirdSDK
    - Stipop

SPEC CHECKSUMS:
  SendBirdSDK: 4b1f346ed2f76c5f53baa199d0fcfe2eb686f608
  Stipop: 7fb660d52723b3d4baf7ab34eaf0cc1ddbda8870

PODFILE CHECKSUM: 65f2904776d8183b8291f4901365f79f6783257f

COCOAPODS: 1.11.2
